
Microsoft Visual Studio Solution File, Format Version 12.00
# Visual Studio Version 17
VisualStudioVersion = 17.4.33213.308
MinimumVisualStudioVersion = 10.0.40219.1
Project("{FAE04EC0-301F-11D3-BF4B-00C04F79EFBC}") = "WebAppVS2022", "WebAppVS2022.csproj", "{2429AC13-F9FD-4C6F-B1CD-708245C57735}"
EndProject
Project("{FAE04EC0-301F-11D3-BF4B-00C04F79EFBC}") = "Pro.DatabaseAccess", "..\Pro.DatabaseAccess\Pro.DatabaseAccess.csproj", "{C4CB58EF-9475-47E7-9291-BF7B64F1BAC6}"
EndProject
Project("{FAE04EC0-301F-11D3-BF4B-00C04F79EFBC}") = "Pro.Models", "..\Pro.Models\Pro.Models.csproj", "{830C6448-7D4C-4B9C-8446-4722833FEAE3}"
EndProject
Project("{FAE04EC0-301F-11D3-BF4B-00C04F79EFBC}") = "Pro.Utility", "..\Pro.Utility\Pro.Utility.csproj", "{1BCFB294-C273-4075-BE8C-6B297F824C5B}"
EndProject
Global
	GlobalSection(SolutionConfigurationPlatforms) = preSolution
		Debug|Any CPU = Debug|Any CPU
		Release|Any CPU = Release|Any CPU
	EndGlobalSection
	GlobalSection(ProjectConfigurationPlatforms) = postSolution
		{2429AC13-F9FD-4C6F-B1CD-708245C57735}.Debug|Any CPU.ActiveCfg = Debug|Any CPU
		{2429AC13-F9FD-4C6F-B1CD-708245C57735}.Debug|Any CPU.Build.0 = Debug|Any CPU
		{2429AC13-F9FD-4C6F-B1CD-708245C57735}.Release|Any CPU.ActiveCfg = Release|Any CPU
		{2429AC13-F9FD-4C6F-B1CD-708245C57735}.Release|Any CPU.Build.0 = Release|Any CPU
		{C4CB58EF-9475-47E7-9291-BF7B64F1BAC6}.Debug|Any CPU.ActiveCfg = Debug|Any CPU
		{C4CB58EF-9475-47E7-9291-BF7B64F1BAC6}.Debug|Any CPU.Build.0 = Debug|Any CPU
		{C4CB58EF-9475-47E7-9291-BF7B64F1BAC6}.Release|Any CPU.ActiveCfg = Release|Any CPU
		{C4CB58EF-9475-47E7-9291-BF7B64F1BAC6}.Release|Any CPU.Build.0 = Release|Any CPU
		{830C6448-7D4C-4B9C-8446-4722833FEAE3}.Debug|Any CPU.ActiveCfg = Debug|Any CPU
		{830C6448-7D4C-4B9C-8446-4722833FEAE3}.Debug|Any CPU.Build.0 = Debug|Any CPU
		{830C6448-7D4C-4B9C-8446-4722833FEAE3}.Release|Any CPU.ActiveCfg = Release|Any CPU
		{830C6448-7D4C-4B9C-8446-4722833FEAE3}.Release|Any CPU.Build.0 = Release|Any CPU
		{1BCFB294-C273-4075-BE8C-6B297F824C5B}.Debug|Any CPU.ActiveCfg = Debug|Any CPU
		{1BCFB294-C273-4075-BE8C-6B297F824C5B}.Debug|Any CPU.Build.0 = Debug|Any CPU
		{1BCFB294-C273-4075-BE8C-6B297F824C5B}.Release|Any CPU.ActiveCfg = Release|Any CPU
		{1BCFB294-C273-4075-BE8C-6B297F824C5B}.Release|Any CPU.Build.0 = Release|Any CPU
	EndGlobalSection
	GlobalSection(SolutionProperties) = preSolution
		HideSolutionNode = FALSE
	EndGlobalSection
	GlobalSection(ExtensibilityGlobals) = postSolution
		SolutionGuid = {A4F2A9B2-659F-451C-8996-FE345F4BFEFA}
	EndGlobalSection
EndGlobal
